
Microsoft Visual Studio Solution File, Format Version 12.00
# Visual Studio Version 17
VisualStudioVersion = 17.0.31903.59
MinimumVisualStudioVersion = 10.0.40219.1
Project("{FAE04EC0-301F-11D3-BF4B-00C04F79EFBC}") = "BrewUp.Rest", "BrewUp.Rest\BrewUp.Rest.csproj", "{7CD62A24-8C31-4670-B370-52EF1E34725A}"
EndProject
Project("{2150E333-8FDC-42A3-9474-1A3956D46DE8}") = "90 Presentation", "90 Presentation", "{2C23F739-4CCF-4D98-5F80-CB5325689DE4}"
EndProject
Project("{2150E333-8FDC-42A3-9474-1A3956D46DE8}") = "80 Infrastructure", "80 Infrastructure", "{4212B86E-31B4-C78C-2768-9246C758E373}"
EndProject
Project("{FAE04EC0-301F-11D3-BF4B-00C04F79EFBC}") = "BrewUp.Infrastructure", "BrewUp.Infrastructure\BrewUp.Infrastructure.csproj", "{AF207E10-F182-45A7-9FA8-60E70EFEE373}"
EndProject
Project("{2150E333-8FDC-42A3-9474-1A3956D46DE8}") = "30 Shared", "30 Shared", "{6F73D70B-CDBA-C3C0-7406-8467CB8BE2DE}"
EndProject
Project("{FAE04EC0-301F-11D3-BF4B-00C04F79EFBC}") = "BrewUp.Shared", "BrewUp.Shared\BrewUp.Shared.csproj", "{0A5617F2-4882-44B5-87E6-21D807BB202E}"
EndProject
Project("{2150E333-8FDC-42A3-9474-1A3956D46DE8}") = "50 Modules", "50 Modules", "{980CB5DE-473C-0215-9804-C595D1F8FF98}"
EndProject
Project("{2150E333-8FDC-42A3-9474-1A3956D46DE8}") = "Purchase", "Purchase", "{9F529890-9D63-F1A4-9245-58A9DA16A7CA}"
EndProject
Project("{FAE04EC0-301F-11D3-BF4B-00C04F79EFBC}") = "BrewUp.Purchase.Facade", "Purchase\BrewUp.Purchase.Facade\BrewUp.Purchase.Facade.csproj", "{4557BE43-F619-42ED-B9FC-011DF5E0765B}"
EndProject
Project("{FAE04EC0-301F-11D3-BF4B-00C04F79EFBC}") = "BrewUp.Purchase.Domain", "Purchase\BrewUp.Purchase.Domain\BrewUp.Purchase.Domain.csproj", "{5A184DAC-81D9-48AF-A6C7-13B881652EE2}"
EndProject
Project("{FAE04EC0-301F-11D3-BF4B-00C04F79EFBC}") = "BrewUp.Purchase.SharedKernel", "Purchase\BrewUp.Purchase.SharedKernel\BrewUp.Purchase.SharedKernel.csproj", "{DC1B40D4-43FA-469F-8679-D46D9226754A}"
EndProject
Project("{FAE04EC0-301F-11D3-BF4B-00C04F79EFBC}") = "BrewUp.Purchase.ReadModel", "Purchase\BrewUp.Purchase.ReadModel\BrewUp.Purchase.ReadModel.csproj", "{90DA94DF-76C3-4D9E-8022-FDC1DABFE003}"
EndProject
Project("{FAE04EC0-301F-11D3-BF4B-00C04F79EFBC}") = "BrewUp.Purchase.Infrastructure", "Purchase\BrewUp.Purchase.Infrastructure\BrewUp.Purchase.Infrastructure.csproj", "{DBA3538D-A006-4B6A-BA00-D9F975247F10}"
EndProject
Project("{FAE04EC0-301F-11D3-BF4B-00C04F79EFBC}") = "BrewUp.Purchase.Tests", "Purchase\BrewUp.Purchase.Tests\BrewUp.Purchase.Tests.csproj", "{303DC12F-5916-49C0-ABAE-3571F3028BB8}"
EndProject
Project("{2150E333-8FDC-42A3-9474-1A3956D46DE8}") = "Warehouse", "Warehouse", "{8FC7828B-D8A6-AC61-66B5-CC46A4BD8FA5}"
EndProject
Project("{FAE04EC0-301F-11D3-BF4B-00C04F79EFBC}") = "BrewUp.Warehouse.Facade", "Warehouse\BrewUp.Warehouse.Facade\BrewUp.Warehouse.Facade.csproj", "{5D280BF5-3D2B-4A09-A5F4-C629C68616CD}"
EndProject
Project("{FAE04EC0-301F-11D3-BF4B-00C04F79EFBC}") = "BrewUp.Warehouse.Domain", "Warehouse\BrewUp.Warehouse.Domain\BrewUp.Warehouse.Domain.csproj", "{DA6D2086-2ED6-45C1-A4BA-ED53ED5901CB}"
EndProject
Project("{FAE04EC0-301F-11D3-BF4B-00C04F79EFBC}") = "BrewUp.Warehouse.SharedKernel", "Warehouse\BrewUp.Warehouse.SharedKernel\BrewUp.Warehouse.SharedKernel.csproj", "{C2EC9434-FE05-462D-B094-7D556BC1C3F7}"
EndProject
Project("{FAE04EC0-301F-11D3-BF4B-00C04F79EFBC}") = "BrewUp.Warehouse.ReadModel", "Warehouse\BrewUp.Warehouse.ReadModel\BrewUp.Warehouse.ReadModel.csproj", "{09A1688F-C102-4E18-B178-F16D2A44B99E}"
EndProject
Project("{FAE04EC0-301F-11D3-BF4B-00C04F79EFBC}") = "BrewUp.Warehouse.Infrastructure", "Warehouse\BrewUp.Warehouse.Infrastructure\BrewUp.Warehouse.Infrastructure.csproj", "{97265409-0884-4B13-B3B4-DA59F67C2352}"
EndProject
Project("{FAE04EC0-301F-11D3-BF4B-00C04F79EFBC}") = "BrewUp.Warehouse.Tests", "Warehouse\BrewUp.Warehouse.Tests\BrewUp.Warehouse.Tests.csproj", "{45418F46-6152-4C7E-A37B-52C54114441F}"
EndProject
Global
	GlobalSection(SolutionConfigurationPlatforms) = preSolution
		Debug|Any CPU = Debug|Any CPU
		Debug|x64 = Debug|x64
		Debug|x86 = Debug|x86
		Release|Any CPU = Release|Any CPU
		Release|x64 = Release|x64
		Release|x86 = Release|x86
	EndGlobalSection
	GlobalSection(ProjectConfigurationPlatforms) = postSolution
		{7CD62A24-8C31-4670-B370-52EF1E34725A}.Debug|Any CPU.ActiveCfg = Debug|Any CPU
		{7CD62A24-8C31-4670-B370-52EF1E34725A}.Debug|Any CPU.Build.0 = Debug|Any CPU
		{7CD62A24-8C31-4670-B370-52EF1E34725A}.Debug|x64.ActiveCfg = Debug|Any CPU
		{7CD62A24-8C31-4670-B370-52EF1E34725A}.Debug|x64.Build.0 = Debug|Any CPU
		{7CD62A24-8C31-4670-B370-52EF1E34725A}.Debug|x86.ActiveCfg = Debug|Any CPU
		{7CD62A24-8C31-4670-B370-52EF1E34725A}.Debug|x86.Build.0 = Debug|Any CPU
		{7CD62A24-8C31-4670-B370-52EF1E34725A}.Release|Any CPU.ActiveCfg = Release|Any CPU
		{7CD62A24-8C31-4670-B370-52EF1E34725A}.Release|Any CPU.Build.0 = Release|Any CPU
		{7CD62A24-8C31-4670-B370-52EF1E34725A}.Release|x64.ActiveCfg = Release|Any CPU
		{7CD62A24-8C31-4670-B370-52EF1E34725A}.Release|x64.Build.0 = Release|Any CPU
		{7CD62A24-8C31-4670-B370-52EF1E34725A}.Release|x86.ActiveCfg = Release|Any CPU
		{7CD62A24-8C31-4670-B370-52EF1E34725A}.Release|x86.Build.0 = Release|Any CPU
		{AF207E10-F182-45A7-9FA8-60E70EFEE373}.Debug|Any CPU.ActiveCfg = Debug|Any CPU
		{AF207E10-F182-45A7-9FA8-60E70EFEE373}.Debug|Any CPU.Build.0 = Debug|Any CPU
		{AF207E10-F182-45A7-9FA8-60E70EFEE373}.Debug|x64.ActiveCfg = Debug|Any CPU
		{AF207E10-F182-45A7-9FA8-60E70EFEE373}.Debug|x64.Build.0 = Debug|Any CPU
		{AF207E10-F182-45A7-9FA8-60E70EFEE373}.Debug|x86.ActiveCfg = Debug|Any CPU
		{AF207E10-F182-45A7-9FA8-60E70EFEE373}.Debug|x86.Build.0 = Debug|Any CPU
		{AF207E10-F182-45A7-9FA8-60E70EFEE373}.Release|Any CPU.ActiveCfg = Release|Any CPU
		{AF207E10-F182-45A7-9FA8-60E70EFEE373}.Release|Any CPU.Build.0 = Release|Any CPU
		{AF207E10-F182-45A7-9FA8-60E70EFEE373}.Release|x64.ActiveCfg = Release|Any CPU
		{AF207E10-F182-45A7-9FA8-60E70EFEE373}.Release|x64.Build.0 = Release|Any CPU
		{AF207E10-F182-45A7-9FA8-60E70EFEE373}.Release|x86.ActiveCfg = Release|Any CPU
		{AF207E10-F182-45A7-9FA8-60E70EFEE373}.Release|x86.Build.0 = Release|Any CPU
		{0A5617F2-4882-44B5-87E6-21D807BB202E}.Debug|Any CPU.ActiveCfg = Debug|Any CPU
		{0A5617F2-4882-44B5-87E6-21D807BB202E}.Debug|Any CPU.Build.0 = Debug|Any CPU
		{0A5617F2-4882-44B5-87E6-21D807BB202E}.Debug|x64.ActiveCfg = Debug|Any CPU
		{0A5617F2-4882-44B5-87E6-21D807BB202E}.Debug|x64.Build.0 = Debug|Any CPU
		{0A5617F2-4882-44B5-87E6-21D807BB202E}.Debug|x86.ActiveCfg = Debug|Any CPU
		{0A5617F2-4882-44B5-87E6-21D807BB202E}.Debug|x86.Build.0 = Debug|Any CPU
		{0A5617F2-4882-44B5-87E6-21D807BB202E}.Release|Any CPU.ActiveCfg = Release|Any CPU
		{0A5617F2-4882-44B5-87E6-21D807BB202E}.Release|Any CPU.Build.0 = Release|Any CPU
		{0A5617F2-4882-44B5-87E6-21D807BB202E}.Release|x64.ActiveCfg = Release|Any CPU
		{0A5617F2-4882-44B5-87E6-21D807BB202E}.Release|x64.Build.0 = Release|Any CPU
		{0A5617F2-4882-44B5-87E6-21D807BB202E}.Release|x86.ActiveCfg = Release|Any CPU
		{0A5617F2-4882-44B5-87E6-21D807BB202E}.Release|x86.Build.0 = Release|Any CPU
		{4557BE43-F619-42ED-B9FC-011DF5E0765B}.Debug|Any CPU.ActiveCfg = Debug|Any CPU
		{4557BE43-F619-42ED-B9FC-011DF5E0765B}.Debug|Any CPU.Build.0 = Debug|Any CPU
		{4557BE43-F619-42ED-B9FC-011DF5E0765B}.Debug|x64.ActiveCfg = Debug|Any CPU
		{4557BE43-F619-42ED-B9FC-011DF5E0765B}.Debug|x64.Build.0 = Debug|Any CPU
		{4557BE43-F619-42ED-B9FC-011DF5E0765B}.Debug|x86.ActiveCfg = Debug|Any CPU
		{4557BE43-F619-42ED-B9FC-011DF5E0765B}.Debug|x86.Build.0 = Debug|Any CPU
		{4557BE43-F619-42ED-B9FC-011DF5E0765B}.Release|Any CPU.ActiveCfg = Release|Any CPU
		{4557BE43-F619-42ED-B9FC-011DF5E0765B}.Release|Any CPU.Build.0 = Release|Any CPU
		{4557BE43-F619-42ED-B9FC-011DF5E0765B}.Release|x64.ActiveCfg = Release|Any CPU
		{4557BE43-F619-42ED-B9FC-011DF5E0765B}.Release|x64.Build.0 = Release|Any CPU
		{4557BE43-F619-42ED-B9FC-011DF5E0765B}.Release|x86.ActiveCfg = Release|Any CPU
		{4557BE43-F619-42ED-B9FC-011DF5E0765B}.Release|x86.Build.0 = Release|Any CPU
		{5A184DAC-81D9-48AF-A6C7-13B881652EE2}.Debug|Any CPU.ActiveCfg = Debug|Any CPU
		{5A184DAC-81D9-48AF-A6C7-13B881652EE2}.Debug|Any CPU.Build.0 = Debug|Any CPU
		{5A184DAC-81D9-48AF-A6C7-13B881652EE2}.Debug|x64.ActiveCfg = Debug|Any CPU
		{5A184DAC-81D9-48AF-A6C7-13B881652EE2}.Debug|x64.Build.0 = Debug|Any CPU
		{5A184DAC-81D9-48AF-A6C7-13B881652EE2}.Debug|x86.ActiveCfg = Debug|Any CPU
		{5A184DAC-81D9-48AF-A6C7-13B881652EE2}.Debug|x86.Build.0 = Debug|Any CPU
		{5A184DAC-81D9-48AF-A6C7-13B881652EE2}.Release|Any CPU.ActiveCfg = Release|Any CPU
		{5A184DAC-81D9-48AF-A6C7-13B881652EE2}.Release|Any CPU.Build.0 = Release|Any CPU
		{5A184DAC-81D9-48AF-A6C7-13B881652EE2}.Release|x64.ActiveCfg = Release|Any CPU
		{5A184DAC-81D9-48AF-A6C7-13B881652EE2}.Release|x64.Build.0 = Release|Any CPU
		{5A184DAC-81D9-48AF-A6C7-13B881652EE2}.Release|x86.ActiveCfg = Release|Any CPU
		{5A184DAC-81D9-48AF-A6C7-13B881652EE2}.Release|x86.Build.0 = Release|Any CPU
		{DC1B40D4-43FA-469F-8679-D46D9226754A}.Debug|Any CPU.ActiveCfg = Debug|Any CPU
		{DC1B40D4-43FA-469F-8679-D46D9226754A}.Debug|Any CPU.Build.0 = Debug|Any CPU
		{DC1B40D4-43FA-469F-8679-D46D9226754A}.Debug|x64.ActiveCfg = Debug|Any CPU
		{DC1B40D4-43FA-469F-8679-D46D9226754A}.Debug|x64.Build.0 = Debug|Any CPU
		{DC1B40D4-43FA-469F-8679-D46D9226754A}.Debug|x86.ActiveCfg = Debug|Any CPU
		{DC1B40D4-43FA-469F-8679-D46D9226754A}.Debug|x86.Build.0 = Debug|Any CPU
		{DC1B40D4-43FA-469F-8679-D46D9226754A}.Release|Any CPU.ActiveCfg = Release|Any CPU
		{DC1B40D4-43FA-469F-8679-D46D9226754A}.Release|Any CPU.Build.0 = Release|Any CPU
		{DC1B40D4-43FA-469F-8679-D46D9226754A}.Release|x64.ActiveCfg = Release|Any CPU
		{DC1B40D4-43FA-469F-8679-D46D9226754A}.Release|x64.Build.0 = Release|Any CPU
		{DC1B40D4-43FA-469F-8679-D46D9226754A}.Release|x86.ActiveCfg = Release|Any CPU
		{DC1B40D4-43FA-469F-8679-D46D9226754A}.Release|x86.Build.0 = Release|Any CPU
		{90DA94DF-76C3-4D9E-8022-FDC1DABFE003}.Debug|Any CPU.ActiveCfg = Debug|Any CPU
		{90DA94DF-76C3-4D9E-8022-FDC1DABFE003}.Debug|Any CPU.Build.0 = Debug|Any CPU
		{90DA94DF-76C3-4D9E-8022-FDC1DABFE003}.Debug|x64.ActiveCfg = Debug|Any CPU
		{90DA94DF-76C3-4D9E-8022-FDC1DABFE003}.Debug|x64.Build.0 = Debug|Any CPU
		{90DA94DF-76C3-4D9E-8022-FDC1DABFE003}.Debug|x86.ActiveCfg = Debug|Any CPU
		{90DA94DF-76C3-4D9E-8022-FDC1DABFE003}.Debug|x86.Build.0 = Debug|Any CPU
		{90DA94DF-76C3-4D9E-8022-FDC1DABFE003}.Release|Any CPU.ActiveCfg = Release|Any CPU
		{90DA94DF-76C3-4D9E-8022-FDC1DABFE003}.Release|Any CPU.Build.0 = Release|Any CPU
		{90DA94DF-76C3-4D9E-8022-FDC1DABFE003}.Release|x64.ActiveCfg = Release|Any CPU
		{90DA94DF-76C3-4D9E-8022-FDC1DABFE003}.Release|x64.Build.0 = Release|Any CPU
		{90DA94DF-76C3-4D9E-8022-FDC1DABFE003}.Release|x86.ActiveCfg = Release|Any CPU
		{90DA94DF-76C3-4D9E-8022-FDC1DABFE003}.Release|x86.Build.0 = Release|Any CPU
		{DBA3538D-A006-4B6A-BA00-D9F975247F10}.Debug|Any CPU.ActiveCfg = Debug|Any CPU
		{DBA3538D-A006-4B6A-BA00-D9F975247F10}.Debug|Any CPU.Build.0 = Debug|Any CPU
		{DBA3538D-A006-4B6A-BA00-D9F975247F10}.Debug|x64.ActiveCfg = Debug|Any CPU
		{DBA3538D-A006-4B6A-BA00-D9F975247F10}.Debug|x64.Build.0 = Debug|Any CPU
		{DBA3538D-A006-4B6A-BA00-D9F975247F10}.Debug|x86.ActiveCfg = Debug|Any CPU
		{DBA3538D-A006-4B6A-BA00-D9F975247F10}.Debug|x86.Build.0 = Debug|Any CPU
		{DBA3538D-A006-4B6A-BA00-D9F975247F10}.Release|Any CPU.ActiveCfg = Release|Any CPU
		{DBA3538D-A006-4B6A-BA00-D9F975247F10}.Release|Any CPU.Build.0 = Release|Any CPU
		{DBA3538D-A006-4B6A-BA00-D9F975247F10}.Release|x64.ActiveCfg = Release|Any CPU
		{DBA3538D-A006-4B6A-BA00-D9F975247F10}.Release|x64.Build.0 = Release|Any CPU
		{DBA3538D-A006-4B6A-BA00-D9F975247F10}.Release|x86.ActiveCfg = Release|Any CPU
		{DBA3538D-A006-4B6A-BA00-D9F975247F10}.Release|x86.Build.0 = Release|Any CPU
		{303DC12F-5916-49C0-ABAE-3571F3028BB8}.Debug|Any CPU.ActiveCfg = Debug|Any CPU
		{303DC12F-5916-49C0-ABAE-3571F3028BB8}.Debug|Any CPU.Build.0 = Debug|Any CPU
		{303DC12F-5916-49C0-ABAE-3571F3028BB8}.Debug|x64.ActiveCfg = Debug|Any CPU
		{303DC12F-5916-49C0-ABAE-3571F3028BB8}.Debug|x64.Build.0 = Debug|Any CPU
		{303DC12F-5916-49C0-ABAE-3571F3028BB8}.Debug|x86.ActiveCfg = Debug|Any CPU
		{303DC12F-5916-49C0-ABAE-3571F3028BB8}.Debug|x86.Build.0 = Debug|Any CPU
		{303DC12F-5916-49C0-ABAE-3571F3028BB8}.Release|Any CPU.ActiveCfg = Release|Any CPU
		{303DC12F-5916-49C0-ABAE-3571F3028BB8}.Release|Any CPU.Build.0 = Release|Any CPU
		{303DC12F-5916-49C0-ABAE-3571F3028BB8}.Release|x64.ActiveCfg = Release|Any CPU
		{303DC12F-5916-49C0-ABAE-3571F3028BB8}.Release|x64.Build.0 = Release|Any CPU
		{303DC12F-5916-49C0-ABAE-3571F3028BB8}.Release|x86.ActiveCfg = Release|Any CPU
		{303DC12F-5916-49C0-ABAE-3571F3028BB8}.Release|x86.Build.0 = Release|Any CPU
		{5D280BF5-3D2B-4A09-A5F4-C629C68616CD}.Debug|Any CPU.ActiveCfg = Debug|Any CPU
		{5D280BF5-3D2B-4A09-A5F4-C629C68616CD}.Debug|Any CPU.Build.0 = Debug|Any CPU
		{5D280BF5-3D2B-4A09-A5F4-C629C68616CD}.Debug|x64.ActiveCfg = Debug|Any CPU
		{5D280BF5-3D2B-4A09-A5F4-C629C68616CD}.Debug|x64.Build.0 = Debug|Any CPU
		{5D280BF5-3D2B-4A09-A5F4-C629C68616CD}.Debug|x86.ActiveCfg = Debug|Any CPU
		{5D280BF5-3D2B-4A09-A5F4-C629C68616CD}.Debug|x86.Build.0 = Debug|Any CPU
		{5D280BF5-3D2B-4A09-A5F4-C629C68616CD}.Release|Any CPU.ActiveCfg = Release|Any CPU
		{5D280BF5-3D2B-4A09-A5F4-C629C68616CD}.Release|Any CPU.Build.0 = Release|Any CPU
		{5D280BF5-3D2B-4A09-A5F4-C629C68616CD}.Release|x64.ActiveCfg = Release|Any CPU
		{5D280BF5-3D2B-4A09-A5F4-C629C68616CD}.Release|x64.Build.0 = Release|Any CPU
		{5D280BF5-3D2B-4A09-A5F4-C629C68616CD}.Release|x86.ActiveCfg = Release|Any CPU
		{5D280BF5-3D2B-4A09-A5F4-C629C68616CD}.Release|x86.Build.0 = Release|Any CPU
		{DA6D2086-2ED6-45C1-A4BA-ED53ED5901CB}.Debug|Any CPU.ActiveCfg = Debug|Any CPU
		{DA6D2086-2ED6-45C1-A4BA-ED53ED5901CB}.Debug|Any CPU.Build.0 = Debug|Any CPU
		{DA6D2086-2ED6-45C1-A4BA-ED53ED5901CB}.Debug|x64.ActiveCfg = Debug|Any CPU
		{DA6D2086-2ED6-45C1-A4BA-ED53ED5901CB}.Debug|x64.Build.0 = Debug|Any CPU
		{DA6D2086-2ED6-45C1-A4BA-ED53ED5901CB}.Debug|x86.ActiveCfg = Debug|Any CPU
		{DA6D2086-2ED6-45C1-A4BA-ED53ED5901CB}.Debug|x86.Build.0 = Debug|Any CPU
		{DA6D2086-2ED6-45C1-A4BA-ED53ED5901CB}.Release|Any CPU.ActiveCfg = Release|Any CPU
		{DA6D2086-2ED6-45C1-A4BA-ED53ED5901CB}.Release|Any CPU.Build.0 = Release|Any CPU
		{DA6D2086-2ED6-45C1-A4BA-ED53ED5901CB}.Release|x64.ActiveCfg = Release|Any CPU
		{DA6D2086-2ED6-45C1-A4BA-ED53ED5901CB}.Release|x64.Build.0 = Release|Any CPU
		{DA6D2086-2ED6-45C1-A4BA-ED53ED5901CB}.Release|x86.ActiveCfg = Release|Any CPU
		{DA6D2086-2ED6-45C1-A4BA-ED53ED5901CB}.Release|x86.Build.0 = Release|Any CPU
		{C2EC9434-FE05-462D-B094-7D556BC1C3F7}.Debug|Any CPU.ActiveCfg = Debug|Any CPU
		{C2EC9434-FE05-462D-B094-7D556BC1C3F7}.Debug|Any CPU.Build.0 = Debug|Any CPU
		{C2EC9434-FE05-462D-B094-7D556BC1C3F7}.Debug|x64.ActiveCfg = Debug|Any CPU
		{C2EC9434-FE05-462D-B094-7D556BC1C3F7}.Debug|x64.Build.0 = Debug|Any CPU
		{C2EC9434-FE05-462D-B094-7D556BC1C3F7}.Debug|x86.ActiveCfg = Debug|Any CPU
		{C2EC9434-FE05-462D-B094-7D556BC1C3F7}.Debug|x86.Build.0 = Debug|Any CPU
		{C2EC9434-FE05-462D-B094-7D556BC1C3F7}.Release|Any CPU.ActiveCfg = Release|Any CPU
		{C2EC9434-FE05-462D-B094-7D556BC1C3F7}.Release|Any CPU.Build.0 = Release|Any CPU
		{C2EC9434-FE05-462D-B094-7D556BC1C3F7}.Release|x64.ActiveCfg = Release|Any CPU
		{C2EC9434-FE05-462D-B094-7D556BC1C3F7}.Release|x64.Build.0 = Release|Any CPU
		{C2EC9434-FE05-462D-B094-7D556BC1C3F7}.Release|x86.ActiveCfg = Release|Any CPU
		{C2EC9434-FE05-462D-B094-7D556BC1C3F7}.Release|x86.Build.0 = Release|Any CPU
		{09A1688F-C102-4E18-B178-F16D2A44B99E}.Debug|Any CPU.ActiveCfg = Debug|Any CPU
		{09A1688F-C102-4E18-B178-F16D2A44B99E}.Debug|Any CPU.Build.0 = Debug|Any CPU
		{09A1688F-C102-4E18-B178-F16D2A44B99E}.Debug|x64.ActiveCfg = Debug|Any CPU
		{09A1688F-C102-4E18-B178-F16D2A44B99E}.Debug|x64.Build.0 = Debug|Any CPU
		{09A1688F-C102-4E18-B178-F16D2A44B99E}.Debug|x86.ActiveCfg = Debug|Any CPU
		{09A1688F-C102-4E18-B178-F16D2A44B99E}.Debug|x86.Build.0 = Debug|Any CPU
		{09A1688F-C102-4E18-B178-F16D2A44B99E}.Release|Any CPU.ActiveCfg = Release|Any CPU
		{09A1688F-C102-4E18-B178-F16D2A44B99E}.Release|Any CPU.Build.0 = Release|Any CPU
		{09A1688F-C102-4E18-B178-F16D2A44B99E}.Release|x64.ActiveCfg = Release|Any CPU
		{09A1688F-C102-4E18-B178-F16D2A44B99E}.Release|x64.Build.0 = Release|Any CPU
		{09A1688F-C102-4E18-B178-F16D2A44B99E}.Release|x86.ActiveCfg = Release|Any CPU
		{09A1688F-C102-4E18-B178-F16D2A44B99E}.Release|x86.Build.0 = Release|Any CPU
		{97265409-0884-4B13-B3B4-DA59F67C2352}.Debug|Any CPU.ActiveCfg = Debug|Any CPU
		{97265409-0884-4B13-B3B4-DA59F67C2352}.Debug|Any CPU.Build.0 = Debug|Any CPU
		{97265409-0884-4B13-B3B4-DA59F67C2352}.Debug|x64.ActiveCfg = Debug|Any CPU
		{97265409-0884-4B13-B3B4-DA59F67C2352}.Debug|x64.Build.0 = Debug|Any CPU
		{97265409-0884-4B13-B3B4-DA59F67C2352}.Debug|x86.ActiveCfg = Debug|Any CPU
		{97265409-0884-4B13-B3B4-DA59F67C2352}.Debug|x86.Build.0 = Debug|Any CPU
		{97265409-0884-4B13-B3B4-DA59F67C2352}.Release|Any CPU.ActiveCfg = Release|Any CPU
		{97265409-0884-4B13-B3B4-DA59F67C2352}.Release|Any CPU.Build.0 = Release|Any CPU
		{97265409-0884-4B13-B3B4-DA59F67C2352}.Release|x64.ActiveCfg = Release|Any CPU
		{97265409-0884-4B13-B3B4-DA59F67C2352}.Release|x64.Build.0 = Release|Any CPU
		{97265409-0884-4B13-B3B4-DA59F67C2352}.Release|x86.ActiveCfg = Release|Any CPU
		{97265409-0884-4B13-B3B4-DA59F67C2352}.Release|x86.Build.0 = Release|Any CPU
		{45418F46-6152-4C7E-A37B-52C54114441F}.Debug|Any CPU.ActiveCfg = Debug|Any CPU
		{45418F46-6152-4C7E-A37B-52C54114441F}.Debug|Any CPU.Build.0 = Debug|Any CPU
		{45418F46-6152-4C7E-A37B-52C54114441F}.Debug|x64.ActiveCfg = Debug|Any CPU
		{45418F46-6152-4C7E-A37B-52C54114441F}.Debug|x64.Build.0 = Debug|Any CPU
		{45418F46-6152-4C7E-A37B-52C54114441F}.Debug|x86.ActiveCfg = Debug|Any CPU
		{45418F46-6152-4C7E-A37B-52C54114441F}.Debug|x86.Build.0 = Debug|Any CPU
		{45418F46-6152-4C7E-A37B-52C54114441F}.Release|Any CPU.ActiveCfg = Release|Any CPU
		{45418F46-6152-4C7E-A37B-52C54114441F}.Release|Any CPU.Build.0 = Release|Any CPU
		{45418F46-6152-4C7E-A37B-52C54114441F}.Release|x64.ActiveCfg = Release|Any CPU
		{45418F46-6152-4C7E-A37B-52C54114441F}.Release|x64.Build.0 = Release|Any CPU
		{45418F46-6152-4C7E-A37B-52C54114441F}.Release|x86.ActiveCfg = Release|Any CPU
		{45418F46-6152-4C7E-A37B-52C54114441F}.Release|x86.Build.0 = Release|Any CPU
	EndGlobalSection
	GlobalSection(SolutionProperties) = preSolution
		HideSolutionNode = FALSE
	EndGlobalSection
	GlobalSection(NestedProjects) = preSolution
		{AF207E10-F182-45A7-9FA8-60E70EFEE373} = {4212B86E-31B4-C78C-2768-9246C758E373}
		{0A5617F2-4882-44B5-87E6-21D807BB202E} = {6F73D70B-CDBA-C3C0-7406-8467CB8BE2DE}
		{9F529890-9D63-F1A4-9245-58A9DA16A7CA} = {980CB5DE-473C-0215-9804-C595D1F8FF98}
		{4557BE43-F619-42ED-B9FC-011DF5E0765B} = {9F529890-9D63-F1A4-9245-58A9DA16A7CA}
		{5A184DAC-81D9-48AF-A6C7-13B881652EE2} = {9F529890-9D63-F1A4-9245-58A9DA16A7CA}
		{DC1B40D4-43FA-469F-8679-D46D9226754A} = {9F529890-9D63-F1A4-9245-58A9DA16A7CA}
		{90DA94DF-76C3-4D9E-8022-FDC1DABFE003} = {9F529890-9D63-F1A4-9245-58A9DA16A7CA}
		{DBA3538D-A006-4B6A-BA00-D9F975247F10} = {9F529890-9D63-F1A4-9245-58A9DA16A7CA}
		{303DC12F-5916-49C0-ABAE-3571F3028BB8} = {9F529890-9D63-F1A4-9245-58A9DA16A7CA}
		{8FC7828B-D8A6-AC61-66B5-CC46A4BD8FA5} = {980CB5DE-473C-0215-9804-C595D1F8FF98}
		{5D280BF5-3D2B-4A09-A5F4-C629C68616CD} = {8FC7828B-D8A6-AC61-66B5-CC46A4BD8FA5}
		{DA6D2086-2ED6-45C1-A4BA-ED53ED5901CB} = {8FC7828B-D8A6-AC61-66B5-CC46A4BD8FA5}
		{C2EC9434-FE05-462D-B094-7D556BC1C3F7} = {8FC7828B-D8A6-AC61-66B5-CC46A4BD8FA5}
		{09A1688F-C102-4E18-B178-F16D2A44B99E} = {8FC7828B-D8A6-AC61-66B5-CC46A4BD8FA5}
		{97265409-0884-4B13-B3B4-DA59F67C2352} = {8FC7828B-D8A6-AC61-66B5-CC46A4BD8FA5}
		{45418F46-6152-4C7E-A37B-52C54114441F} = {8FC7828B-D8A6-AC61-66B5-CC46A4BD8FA5}
	EndGlobalSection
EndGlobal
